
Microsoft Visual Studio Solution File, Format Version 12.00
# Visual Studio Version 16
VisualStudioVersion = 16.0.30114.105
MinimumVisualStudioVersion = 10.0.40219.1
Project("{FAE04EC0-301F-11D3-BF4B-00C04F79EFBC}") = "OOP_lab_5_17_2", "OOP_lab_5_17_2\OOP_lab_5_17_2.csproj", "{766945D4-039C-462A-B815-D552AFBB8DB0}"
EndProject
Global
	GlobalSection(SolutionConfigurationPlatforms) = preSolution
		Debug|Any CPU = Debug|Any CPU
		Release|Any CPU = Release|Any CPU
	EndGlobalSection
	GlobalSection(ProjectConfigurationPlatforms) = postSolution
		{766945D4-039C-462A-B815-D552AFBB8DB0}.Debug|Any CPU.ActiveCfg = Debug|Any CPU
		{766945D4-039C-462A-B815-D552AFBB8DB0}.Debug|Any CPU.Build.0 = Debug|Any CPU
		{766945D4-039C-462A-B815-D552AFBB8DB0}.Release|Any CPU.ActiveCfg = Release|Any CPU
		{766945D4-039C-462A-B815-D552AFBB8DB0}.Release|Any CPU.Build.0 = Release|Any CPU
	EndGlobalSection
	GlobalSection(SolutionProperties) = preSolution
		HideSolutionNode = FALSE
	EndGlobalSection
	GlobalSection(ExtensibilityGlobals) = postSolution
		SolutionGuid = {AB8680A3-E827-4A69-B836-9D5B7E5B9F59}
	EndGlobalSection
EndGlobal
